
Microsoft Visual Studio Solution File, Format Version 12.00
# Visual Studio Version 17
VisualStudioVersion = 17.9.34622.214
MinimumVisualStudioVersion = 10.0.40219.1
Project("{9A19103F-16F7-4668-BE54-9A1E7A4F7556}") = "DineMaster", "DineMaster\DineMaster.csproj", "{C58FB573-A4B7-41AA-B32D-87794859D67A}"
EndProject
Global
	GlobalSection(SolutionConfigurationPlatforms) = preSolution
		Debug|Any CPU = Debug|Any CPU
		Release|Any CPU = Release|Any CPU
	EndGlobalSection
	GlobalSection(ProjectConfigurationPlatforms) = postSolution
		{C58FB573-A4B7-41AA-B32D-87794859D67A}.Debug|Any CPU.ActiveCfg = Debug|Any CPU
		{C58FB573-A4B7-41AA-B32D-87794859D67A}.Debug|Any CPU.Build.0 = Debug|Any CPU
		{C58FB573-A4B7-41AA-B32D-87794859D67A}.Release|Any CPU.ActiveCfg = Release|Any CPU
		{C58FB573-A4B7-41AA-B32D-87794859D67A}.Release|Any CPU.Build.0 = Release|Any CPU
	EndGlobalSection
	GlobalSection(SolutionProperties) = preSolution
		HideSolutionNode = FALSE
	EndGlobalSection
	GlobalSection(ExtensibilityGlobals) = postSolution
		SolutionGuid = {F1BFBDE9-644A-46CF-B561-95A1703143C4}
	EndGlobalSection
EndGlobal
